
Microsoft Visual Studio Solution File, Format Version 12.00
# Visual Studio Version 16
VisualStudioVersion = 16.0.31829.152
MinimumVisualStudioVersion = 10.0.40219.1
Project("{888888A0-9F3D-457C-B088-3A5042F75D52}") = "NiziU", "NiziU.pyproj", "{1DCD0D8D-7B39-4C87-9EB3-C7EDBBEACE45}"
EndProject
Global
	GlobalSection(SolutionConfigurationPlatforms) = preSolution
		Debug|Any CPU = Debug|Any CPU
		Release|Any CPU = Release|Any CPU
	EndGlobalSection
	GlobalSection(ProjectConfigurationPlatforms) = postSolution
		{1DCD0D8D-7B39-4C87-9EB3-C7EDBBEACE45}.Debug|Any CPU.ActiveCfg = Debug|Any CPU
		{1DCD0D8D-7B39-4C87-9EB3-C7EDBBEACE45}.Release|Any CPU.ActiveCfg = Release|Any CPU
	EndGlobalSection
	GlobalSection(SolutionProperties) = preSolution
		HideSolutionNode = FALSE
	EndGlobalSection
	GlobalSection(ExtensibilityGlobals) = postSolution
		SolutionGuid = {342D5386-788D-43D8-B89F-7087C010D18F}
	EndGlobalSection
EndGlobal
